# THIS IS AN AUTOGENERATED FILE. DO NOT EDIT THIS FILE DIRECTLY.
# yarn lockfile v1


reflect-metadata@^0.2.1:
  version "0.2.2"
  resolved "https://registry.yarnpkg.com/reflect-metadata/-/reflect-metadata-0.2.2.tgz#400c845b6cba87a21f2c65c4aeb158f4fa4d9c5b"
  integrity sha512-urBwgfrvVP/eAyXx4hluJivBKzuEbSQs9rKWCrCkbSxNv8mxPcUZKeuoF3Uy4mJl3Lwprp6yy5/39VWigZ4K6Q==

typescript@^5.3.2:
  version "5.4.5"
  resolved "https://registry.yarnpkg.com/typescript/-/typescript-5.4.5.tgz#42ccef2c571fdbd0f6718b1d1f5e6e5ef006f611"
  integrity sha512-vcI4UpRgg81oIRUFwR0WSIHKt11nJ7SAVlYNIu+QpqeyXP+gpQJy/Z4+F0aGxSE4MqwjyXvW/TzgkLAx2AGHwQ==
